
Microsoft Visual Studio Solution File, Format Version 12.00
# Visual Studio 15
VisualStudioVersion = 15.0.26730.12
MinimumVisualStudioVersion = 10.0.40219.1
Project("{FAE04EC0-301F-11D3-BF4B-00C04F79EFBC}") = "Kettler", "proftaak 2.1\Kettler.csproj", "{3F7DAA95-300F-42D6-99DC-68E56A5699DE}"
EndProject
Project("{FAE04EC0-301F-11D3-BF4B-00C04F79EFBC}") = "Server", "TestClient\Server.csproj", "{434B69FA-37D5-41B4-B22F-F7AA633B187B}"
EndProject
Project("{FAE04EC0-301F-11D3-BF4B-00C04F79EFBC}") = "VRConnection", "VRConnection\VRConnection.csproj", "{13A9A4BA-7A27-4563-9B32-3623036F8831}"
EndProject
Project("{FAE04EC0-301F-11D3-BF4B-00C04F79EFBC}") = "Clientside", "Client\Clientside.csproj", "{1746F481-ACB1-4874-AB30-53E9BDCC6794}"
EndProject
Project("{FAE04EC0-301F-11D3-BF4B-00C04F79EFBC}") = "Dokter", "Dokter\Dokter.csproj", "{F3D70C26-70CD-4B66-8DC3-FE382014F632}"
EndProject
Global
	GlobalSection(SolutionConfigurationPlatforms) = preSolution
		Debug|Any CPU = Debug|Any CPU
		Release|Any CPU = Release|Any CPU
	EndGlobalSection
	GlobalSection(ProjectConfigurationPlatforms) = postSolution
		{3F7DAA95-300F-42D6-99DC-68E56A5699DE}.Debug|Any CPU.ActiveCfg = Debug|Any CPU
		{3F7DAA95-300F-42D6-99DC-68E56A5699DE}.Debug|Any CPU.Build.0 = Debug|Any CPU
		{3F7DAA95-300F-42D6-99DC-68E56A5699DE}.Release|Any CPU.ActiveCfg = Release|Any CPU
		{3F7DAA95-300F-42D6-99DC-68E56A5699DE}.Release|Any CPU.Build.0 = Release|Any CPU
		{434B69FA-37D5-41B4-B22F-F7AA633B187B}.Debug|Any CPU.ActiveCfg = Debug|Any CPU
		{434B69FA-37D5-41B4-B22F-F7AA633B187B}.Debug|Any CPU.Build.0 = Debug|Any CPU
		{434B69FA-37D5-41B4-B22F-F7AA633B187B}.Release|Any CPU.ActiveCfg = Release|Any CPU
		{434B69FA-37D5-41B4-B22F-F7AA633B187B}.Release|Any CPU.Build.0 = Release|Any CPU
		{13A9A4BA-7A27-4563-9B32-3623036F8831}.Debug|Any CPU.ActiveCfg = Debug|Any CPU
		{13A9A4BA-7A27-4563-9B32-3623036F8831}.Debug|Any CPU.Build.0 = Debug|Any CPU
		{13A9A4BA-7A27-4563-9B32-3623036F8831}.Release|Any CPU.ActiveCfg = Release|Any CPU
		{13A9A4BA-7A27-4563-9B32-3623036F8831}.Release|Any CPU.Build.0 = Release|Any CPU
		{1746F481-ACB1-4874-AB30-53E9BDCC6794}.Debug|Any CPU.ActiveCfg = Debug|Any CPU
		{1746F481-ACB1-4874-AB30-53E9BDCC6794}.Debug|Any CPU.Build.0 = Debug|Any CPU
		{1746F481-ACB1-4874-AB30-53E9BDCC6794}.Release|Any CPU.ActiveCfg = Release|Any CPU
		{1746F481-ACB1-4874-AB30-53E9BDCC6794}.Release|Any CPU.Build.0 = Release|Any CPU
		{F3D70C26-70CD-4B66-8DC3-FE382014F632}.Debug|Any CPU.ActiveCfg = Debug|Any CPU
		{F3D70C26-70CD-4B66-8DC3-FE382014F632}.Debug|Any CPU.Build.0 = Debug|Any CPU
		{F3D70C26-70CD-4B66-8DC3-FE382014F632}.Release|Any CPU.ActiveCfg = Release|Any CPU
		{F3D70C26-70CD-4B66-8DC3-FE382014F632}.Release|Any CPU.Build.0 = Release|Any CPU
	EndGlobalSection
	GlobalSection(SolutionProperties) = preSolution
		HideSolutionNode = FALSE
	EndGlobalSection
	GlobalSection(ExtensibilityGlobals) = postSolution
		SolutionGuid = {C1350607-99FB-4C0A-9454-EB337F8207EA}
	EndGlobalSection
EndGlobal
